
Microsoft Visual Studio Solution File, Format Version 12.00
# Visual Studio Version 17
VisualStudioVersion = 17.4.33213.308
MinimumVisualStudioVersion = 10.0.40219.1
Project("{FAE04EC0-301F-11D3-BF4B-00C04F79EFBC}") = "ImageListKomponenta1", "ImageListKomponenta1.csproj", "{61015681-AFA2-4D64-8053-CC196560E492}"
EndProject
Global
	GlobalSection(SolutionConfigurationPlatforms) = preSolution
		Debug|Any CPU = Debug|Any CPU
		Release|Any CPU = Release|Any CPU
	EndGlobalSection
	GlobalSection(ProjectConfigurationPlatforms) = postSolution
		{61015681-AFA2-4D64-8053-CC196560E492}.Debug|Any CPU.ActiveCfg = Debug|Any CPU
		{61015681-AFA2-4D64-8053-CC196560E492}.Debug|Any CPU.Build.0 = Debug|Any CPU
		{61015681-AFA2-4D64-8053-CC196560E492}.Release|Any CPU.ActiveCfg = Release|Any CPU
		{61015681-AFA2-4D64-8053-CC196560E492}.Release|Any CPU.Build.0 = Release|Any CPU
	EndGlobalSection
	GlobalSection(SolutionProperties) = preSolution
		HideSolutionNode = FALSE
	EndGlobalSection
	GlobalSection(ExtensibilityGlobals) = postSolution
		SolutionGuid = {33743F85-A1AE-4AFA-AC25-D8DBF6428A7D}
	EndGlobalSection
EndGlobal
